
Microsoft Visual Studio Solution File, Format Version 12.00
# Visual Studio 15
VisualStudioVersion = 15.0.28307.1082
MinimumVisualStudioVersion = 10.0.40219.1
Project("{8BC9CEB8-8B4A-11D0-8D11-00A0C91BC942}") = "FastTraceroute", "FastTraceroute\FastTraceroute.vcxproj", "{71F8A102-93DB-47AE-82CC-1CB8D03536CD}"
EndProject
Global
	GlobalSection(SolutionConfigurationPlatforms) = preSolution
		Debug|x64 = Debug|x64
		Debug|x86 = Debug|x86
		Release|x64 = Release|x64
		Release|x86 = Release|x86
	EndGlobalSection
	GlobalSection(ProjectConfigurationPlatforms) = postSolution
		{71F8A102-93DB-47AE-82CC-1CB8D03536CD}.Debug|x64.ActiveCfg = Debug|x64
		{71F8A102-93DB-47AE-82CC-1CB8D03536CD}.Debug|x64.Build.0 = Debug|x64
		{71F8A102-93DB-47AE-82CC-1CB8D03536CD}.Debug|x86.ActiveCfg = Debug|Win32
		{71F8A102-93DB-47AE-82CC-1CB8D03536CD}.Debug|x86.Build.0 = Debug|Win32
		{71F8A102-93DB-47AE-82CC-1CB8D03536CD}.Release|x64.ActiveCfg = Release|x64
		{71F8A102-93DB-47AE-82CC-1CB8D03536CD}.Release|x64.Build.0 = Release|x64
		{71F8A102-93DB-47AE-82CC-1CB8D03536CD}.Release|x86.ActiveCfg = Release|Win32
		{71F8A102-93DB-47AE-82CC-1CB8D03536CD}.Release|x86.Build.0 = Release|Win32
	EndGlobalSection
	GlobalSection(SolutionProperties) = preSolution
		HideSolutionNode = FALSE
	EndGlobalSection
	GlobalSection(ExtensibilityGlobals) = postSolution
		SolutionGuid = {D57E7C9F-C23E-4C99-B177-A49966B1D49D}
	EndGlobalSection
EndGlobal
